
Microsoft Visual Studio Solution File, Format Version 12.00
Project("{FAE04EC0-301F-11D3-BF4B-00C04F79EFBC}") = "OMS.Profile.API", "OMS.Profile.API\OMS.Profile.API.csproj", "{83931230-4A11-48F7-8708-4F3BFB791767}"
EndProject
Global
	GlobalSection(SolutionConfigurationPlatforms) = preSolution
		Debug|Any CPU = Debug|Any CPU
		Release|Any CPU = Release|Any CPU
	EndGlobalSection
	GlobalSection(ProjectConfigurationPlatforms) = postSolution
		{83931230-4A11-48F7-8708-4F3BFB791767}.Debug|Any CPU.ActiveCfg = Debug|Any CPU
		{83931230-4A11-48F7-8708-4F3BFB791767}.Debug|Any CPU.Build.0 = Debug|Any CPU
		{83931230-4A11-48F7-8708-4F3BFB791767}.Release|Any CPU.ActiveCfg = Release|Any CPU
		{83931230-4A11-48F7-8708-4F3BFB791767}.Release|Any CPU.Build.0 = Release|Any CPU
	EndGlobalSection
EndGlobal
